{
  "name": "src",
  "lockfileVersion": 2,
  "requires": true,
  "packages": {
    "": {
      "devDependencies": {
        "@types/atob": "^2.1.2"
      }
    },
    "node_modules/@types/atob": {
      "version": "2.1.2",
      "resolved": "https://registry.npmjs.org/@types/atob/-/atob-2.1.2.tgz",
      "integrity": "sha512-8GAYQ1jDRUQkSpHzJUqXwAkYFOxuWAOGLhIR4aPd/Y/yL12Q/9m7LsKpHKlfKdNE/362Hc9wPI1Yh6opDfxVJg==",
      "dev": true
    }
  },
  "dependencies": {
    "@types/atob": {
      "version": "2.1.2",
      "resolved": "https://registry.npmjs.org/@types/atob/-/atob-2.1.2.tgz",
      "integrity": "sha512-8GAYQ1jDRUQkSpHzJUqXwAkYFOxuWAOGLhIR4aPd/Y/yL12Q/9m7LsKpHKlfKdNE/362Hc9wPI1Yh6opDfxVJg==",
      "dev": true
    }
  }
}
